
Microsoft Visual Studio Solution File, Format Version 12.00
# Visual Studio Version 17
VisualStudioVersion = 17.5.33502.453
MinimumVisualStudioVersion = 10.0.40219.1
Project("{FAE04EC0-301F-11D3-BF4B-00C04F79EFBC}") = "Task2", "Task2\Task2.csproj", "{AB879D50-5EDB-47FC-BC13-B8B9D72EA760}"
EndProject
Project("{FAE04EC0-301F-11D3-BF4B-00C04F79EFBC}") = "Task3", "Task3\Task3.csproj", "{57D84CBE-F608-4593-BB58-96E58BAB1451}"
EndProject
Project("{FAE04EC0-301F-11D3-BF4B-00C04F79EFBC}") = "AddTask", "AddTask\AddTask.csproj", "{882049BA-AD48-453C-81B0-800A8C5B8DD4}"
EndProject
Global
	GlobalSection(SolutionConfigurationPlatforms) = preSolution
		Debug|Any CPU = Debug|Any CPU
		Release|Any CPU = Release|Any CPU
	EndGlobalSection
	GlobalSection(ProjectConfigurationPlatforms) = postSolution
		{AB879D50-5EDB-47FC-BC13-B8B9D72EA760}.Debug|Any CPU.ActiveCfg = Debug|Any CPU
		{AB879D50-5EDB-47FC-BC13-B8B9D72EA760}.Debug|Any CPU.Build.0 = Debug|Any CPU
		{AB879D50-5EDB-47FC-BC13-B8B9D72EA760}.Release|Any CPU.ActiveCfg = Release|Any CPU
		{AB879D50-5EDB-47FC-BC13-B8B9D72EA760}.Release|Any CPU.Build.0 = Release|Any CPU
		{57D84CBE-F608-4593-BB58-96E58BAB1451}.Debug|Any CPU.ActiveCfg = Debug|Any CPU
		{57D84CBE-F608-4593-BB58-96E58BAB1451}.Debug|Any CPU.Build.0 = Debug|Any CPU
		{57D84CBE-F608-4593-BB58-96E58BAB1451}.Release|Any CPU.ActiveCfg = Release|Any CPU
		{57D84CBE-F608-4593-BB58-96E58BAB1451}.Release|Any CPU.Build.0 = Release|Any CPU
		{882049BA-AD48-453C-81B0-800A8C5B8DD4}.Debug|Any CPU.ActiveCfg = Debug|Any CPU
		{882049BA-AD48-453C-81B0-800A8C5B8DD4}.Debug|Any CPU.Build.0 = Debug|Any CPU
		{882049BA-AD48-453C-81B0-800A8C5B8DD4}.Release|Any CPU.ActiveCfg = Release|Any CPU
		{882049BA-AD48-453C-81B0-800A8C5B8DD4}.Release|Any CPU.Build.0 = Release|Any CPU
	EndGlobalSection
	GlobalSection(SolutionProperties) = preSolution
		HideSolutionNode = FALSE
	EndGlobalSection
	GlobalSection(ExtensibilityGlobals) = postSolution
		SolutionGuid = {2483326E-E186-4E15-AA1C-6F37E4CDCD6A}
	EndGlobalSection
EndGlobal
